// !$*UTF8*$!
{
	archiveVersion = 1;
	classes = {
	};
	objectVersion = 46;
	objects = {

/* Begin PBXBuildFile section */
		BF8B1275142E257D0053DA00 /* main.c in Sources */ = {isa = PBXBuildFile; fileRef = BF8B1274142E257D0053DA00 /* main.c */; };
		BF8B1277142E257D0053DA00 /* Problem_4.1 in CopyFiles */ = {isa = PBXBuildFile; fileRef = BF8B1276142E257D0053DA00 /* Problem_4.1 */; };
/* End PBXBuildFile section */

/* Begin PBXCopyFilesBuildPhase section */
		BF8B126E142E257D0053DA00 /* CopyFiles */ = {
			isa = PBXCopyFilesBuildPhase;
			buildActionMask = 2147483647;
			dstPath = /usr/share/man/man1/;
			dstSubfolderSpec = 0;
			files = (
				BF8B1277142E257D0053DA00 /* Problem_4.1 in CopyFiles */,
			);
			runOnlyForDeploymentPostprocessing = 1;
		};
/* End PBXCopyFilesBuildPhase section */

/* Begin PBXFileReference section */
		BF8B1270142E257D0053DA00 /* Problem 4 */ = {isa = PBXFileReference; explicitFileType = "compiled.mach-o.executable"; includeInIndex = 0; path = "Problem 4"; sourceTree = BUILT_PRODUCTS_DIR; };
		BF8B1274142E257D0053DA00 /* main.c */ = {isa = PBXFileReference; lastKnownFileType = sourcecode.c.c; path = main.c; sourceTree = "<group>"; };
		BF8B1276142E257D0053DA00 /* Problem_4.1 */ = {isa = PBXFileReference; lastKnownFileType = text.man; path = Problem_4.1; sourceTree = "<group>"; };
/* End PBXFileReference section */

/* Begin PBXFrameworksBuildPhase section */
		BF8B126D142E257D0053DA00 /* Frameworks */ = {
			isa = PBXFrameworksBuildPhase;
			buildActionMask = 2147483647;
			files = (
			);
			runOnlyForDeploymentPostprocessing = 0;
		};
/* End PBXFrameworksBuildPhase section */

/* Begin PBXGroup section */
		BF8B1265142E257C0053DA00 = {
			isa = PBXGroup;
			children = (
				BF8B1273142E257D0053DA00 /* Problem 4 */,
				BF8B1271142E257D0053DA00 /* Products */,
			);
			sourceTree = "<group>";
		};
		BF8B1271142E257D0053DA00 /* Products */ = {
			isa = PBXGroup;
			children = (
				BF8B1270142E257D0053DA00 /* Problem 4 */,
			);
			name = Products;
			sourceTree = "<group>";
		};
		BF8B1273142E257D0053DA00 /* Problem 4 */ = {
			isa = PBXGroup;
			children = (
				BF8B1274142E257D0053DA00 /* main.c */,
				BF8B1276142E257D0053DA00 /* Problem_4.1 */,
			);
			path = "Problem 4";
			sourceTree = "<group>";
		};
/* End PBXGroup section */

/* Begin PBXNativeTarget section */
		BF8B126F142E257D0053DA00 /* Problem 4 */ = {
			isa = PBXNativeTarget;
			buildConfigurationList = BF8B127A142E257D0053DA00 /* Build configuration list for PBXNativeTarget "Problem 4" */;
			buildPhases = (
				BF8B126C142E257D0053DA00 /* Sources */,
				BF8B126D142E257D0053DA00 /* Frameworks */,
				BF8B126E142E257D0053DA00 /* CopyFiles */,
			);
			buildRules = (
			);
			dependencies = (
			);
			name = "Problem 4";
			productName = "Problem 4";
			productReference = BF8B1270142E257D0053DA00 /* Problem 4 */;
			productType = "com.apple.product-type.tool";
		};
/* End PBXNativeTarget section */

/* Begin PBXProject section */
		BF8B1267142E257D0053DA00 /* Project object */ = {
			isa = PBXProject;
			buildConfigurationList = BF8B126A142E257D0053DA00 /* Build configuration list for PBXProject "Problem 4" */;
			compatibilityVersion = "Xcode 3.2";
			developmentRegion = English;
			hasScannedForEncodings = 0;
			knownRegions = (
				en,
			);
			mainGroup = BF8B1265142E257C0053DA00;
			productRefGroup = BF8B1271142E257D0053DA00 /* Products */;
			projectDirPath = "";
			projectRoot = "";
			targets = (
				BF8B126F142E257D0053DA00 /* Problem 4 */,
			);
		};
/* End PBXProject section */

/* Begin PBXSourcesBuildPhase section */
		BF8B126C142E257D0053DA00 /* Sources */ = {
			isa = PBXSourcesBuildPhase;
			buildActionMask = 2147483647;
			files = (
				BF8B1275142E257D0053DA00 /* main.c in Sources */,
			);
			runOnlyForDeploymentPostprocessing = 0;
		};
/* End PBXSourcesBuildPhase section */

/* Begin XCBuildConfiguration section */
		BF8B1278142E257D0053DA00 /* Debug */ = {
			isa = XCBuildConfiguration;
			buildSettings = {
				ALWAYS_SEARCH_USER_PATHS = NO;
				ARCHS = "$(ARCHS_STANDARD_64_BIT)";
				COPY_PHASE_STRIP = NO;
				GCC_C_LANGUAGE_STANDARD = gnu99;
				GCC_DYNAMIC_NO_PIC = NO;
				GCC_ENABLE_OBJC_EXCEPTIONS = YES;
				GCC_OPTIMIZATION_LEVEL = 0;
				GCC_PREPROCESSOR_DEFINITIONS = (
					"DEBUG=1",
					"$(inherited)",
				);
				GCC_SYMBOLS_PRIVATE_EXTERN = NO;
				GCC_VERSION = com.apple.compilers.llvm.clang.1_0;
				GCC_WARN_64_TO_32_BIT_CONVERSION = YES;
				GCC_WARN_ABOUT_MISSING_PROTOTYPES = YES;
				GCC_WARN_ABOUT_RETURN_TYPE = YES;
				GCC_WARN_UNUSED_VARIABLE = YES;
				MACOSX_DEPLOYMENT_TARGET = 10.7;
				ONLY_ACTIVE_ARCH = YES;
				SDKROOT = macosx;
			};
			name = Debug;
		};
		BF8B1279142E257D0053DA00 /* Release */ = {
			isa = XCBuildConfiguration;
			buildSettings = {
				ALWAYS_SEARCH_USER_PATHS = NO;
				ARCHS = "$(ARCHS_STANDARD_64_BIT)";
				COPY_PHASE_STRIP = YES;
				DEBUG_INFORMATION_FORMAT = "dwarf-with-dsym";
				GCC_C_LANGUAGE_STANDARD = gnu99;
				GCC_ENABLE_OBJC_EXCEPTIONS = YES;
				GCC_VERSION = com.apple.compilers.llvm.clang.1_0;
				GCC_WARN_64_TO_32_BIT_CONVERSION = YES;
				GCC_WARN_ABOUT_MISSING_PROTOTYPES = YES;
				GCC_WARN_ABOUT_RETURN_TYPE = YES;
				GCC_WARN_UNUSED_VARIABLE = YES;
				MACOSX_DEPLOYMENT_TARGET = 10.7;
				SDKROOT = macosx;
			};
			name = Release;
		};
		BF8B127B142E257D0053DA00 /* Debug */ = {
			isa = XCBuildConfiguration;
			buildSettings = {
				PRODUCT_NAME = "$(TARGET_NAME)";
			};
			name = Debug;
		};
		BF8B127C142E257D0053DA00 /* Release */ = {
			isa = XCBuildConfiguration;
			buildSettings = {
				PRODUCT_NAME = "$(TARGET_NAME)";
			};
			name = Release;
		};
/* End XCBuildConfiguration section */

/* Begin XCConfigurationList section */
		BF8B126A142E257D0053DA00 /* Build configuration list for PBXProject "Problem 4" */ = {
			isa = XCConfigurationList;
			buildConfigurations = (
				BF8B1278142E257D0053DA00 /* Debug */,
				BF8B1279142E257D0053DA00 /* Release */,
			);
			defaultConfigurationIsVisible = 0;
			defaultConfigurationName = Release;
		};
		BF8B127A142E257D0053DA00 /* Build configuration list for PBXNativeTarget "Problem 4" */ = {
			isa = XCConfigurationList;
			buildConfigurations = (
				BF8B127B142E257D0053DA00 /* Debug */,
				BF8B127C142E257D0053DA00 /* Release */,
			);
			defaultConfigurationIsVisible = 0;
		};
/* End XCConfigurationList section */
	};
	rootObject = BF8B1267142E257D0053DA00 /* Project object */;
}
