// !$*UTF8*$!
{
	archiveVersion = 1;
	classes = {
	};
	objectVersion = 46;
	objects = {

/* Begin PBXBuildFile section */
		BF9B737E142533C6002A59CD /* main.c in Sources */ = {isa = PBXBuildFile; fileRef = BF9B737D142533C6002A59CD /* main.c */; };
		BF9B7380142533C6002A59CD /* Problem_2.1 in CopyFiles */ = {isa = PBXBuildFile; fileRef = BF9B737F142533C6002A59CD /* Problem_2.1 */; };
/* End PBXBuildFile section */

/* Begin PBXCopyFilesBuildPhase section */
		BF9B7377142533C6002A59CD /* CopyFiles */ = {
			isa = PBXCopyFilesBuildPhase;
			buildActionMask = 2147483647;
			dstPath = /usr/share/man/man1/;
			dstSubfolderSpec = 0;
			files = (
				BF9B7380142533C6002A59CD /* Problem_2.1 in CopyFiles */,
			);
			runOnlyForDeploymentPostprocessing = 1;
		};
/* End PBXCopyFilesBuildPhase section */

/* Begin PBXFileReference section */
		BF9B7379142533C6002A59CD /* Problem 2 */ = {isa = PBXFileReference; explicitFileType = "compiled.mach-o.executable"; includeInIndex = 0; path = "Problem 2"; sourceTree = BUILT_PRODUCTS_DIR; };
		BF9B737D142533C6002A59CD /* main.c */ = {isa = PBXFileReference; lastKnownFileType = sourcecode.c.c; path = main.c; sourceTree = "<group>"; };
		BF9B737F142533C6002A59CD /* Problem_2.1 */ = {isa = PBXFileReference; lastKnownFileType = text.man; path = Problem_2.1; sourceTree = "<group>"; };
/* End PBXFileReference section */

/* Begin PBXFrameworksBuildPhase section */
		BF9B7376142533C6002A59CD /* Frameworks */ = {
			isa = PBXFrameworksBuildPhase;
			buildActionMask = 2147483647;
			files = (
			);
			runOnlyForDeploymentPostprocessing = 0;
		};
/* End PBXFrameworksBuildPhase section */

/* Begin PBXGroup section */
		BF9B736E142533C6002A59CD = {
			isa = PBXGroup;
			children = (
				BF9B737C142533C6002A59CD /* Problem 2 */,
				BF9B737A142533C6002A59CD /* Products */,
			);
			sourceTree = "<group>";
		};
		BF9B737A142533C6002A59CD /* Products */ = {
			isa = PBXGroup;
			children = (
				BF9B7379142533C6002A59CD /* Problem 2 */,
			);
			name = Products;
			sourceTree = "<group>";
		};
		BF9B737C142533C6002A59CD /* Problem 2 */ = {
			isa = PBXGroup;
			children = (
				BF9B737D142533C6002A59CD /* main.c */,
				BF9B737F142533C6002A59CD /* Problem_2.1 */,
			);
			path = "Problem 2";
			sourceTree = "<group>";
		};
/* End PBXGroup section */

/* Begin PBXNativeTarget section */
		BF9B7378142533C6002A59CD /* Problem 2 */ = {
			isa = PBXNativeTarget;
			buildConfigurationList = BF9B7383142533C6002A59CD /* Build configuration list for PBXNativeTarget "Problem 2" */;
			buildPhases = (
				BF9B7375142533C6002A59CD /* Sources */,
				BF9B7376142533C6002A59CD /* Frameworks */,
				BF9B7377142533C6002A59CD /* CopyFiles */,
			);
			buildRules = (
			);
			dependencies = (
			);
			name = "Problem 2";
			productName = "Problem 2";
			productReference = BF9B7379142533C6002A59CD /* Problem 2 */;
			productType = "com.apple.product-type.tool";
		};
/* End PBXNativeTarget section */

/* Begin PBXProject section */
		BF9B7370142533C6002A59CD /* Project object */ = {
			isa = PBXProject;
			buildConfigurationList = BF9B7373142533C6002A59CD /* Build configuration list for PBXProject "Problem 2" */;
			compatibilityVersion = "Xcode 3.2";
			developmentRegion = English;
			hasScannedForEncodings = 0;
			knownRegions = (
				en,
			);
			mainGroup = BF9B736E142533C6002A59CD;
			productRefGroup = BF9B737A142533C6002A59CD /* Products */;
			projectDirPath = "";
			projectRoot = "";
			targets = (
				BF9B7378142533C6002A59CD /* Problem 2 */,
			);
		};
/* End PBXProject section */

/* Begin PBXSourcesBuildPhase section */
		BF9B7375142533C6002A59CD /* Sources */ = {
			isa = PBXSourcesBuildPhase;
			buildActionMask = 2147483647;
			files = (
				BF9B737E142533C6002A59CD /* main.c in Sources */,
			);
			runOnlyForDeploymentPostprocessing = 0;
		};
/* End PBXSourcesBuildPhase section */

/* Begin XCBuildConfiguration section */
		BF9B7381142533C6002A59CD /* Debug */ = {
			isa = XCBuildConfiguration;
			buildSettings = {
				ALWAYS_SEARCH_USER_PATHS = NO;
				ARCHS = "$(ARCHS_STANDARD_64_BIT)";
				COPY_PHASE_STRIP = NO;
				GCC_C_LANGUAGE_STANDARD = gnu99;
				GCC_DYNAMIC_NO_PIC = NO;
				GCC_ENABLE_OBJC_EXCEPTIONS = YES;
				GCC_OPTIMIZATION_LEVEL = 0;
				GCC_PREPROCESSOR_DEFINITIONS = (
					"DEBUG=1",
					"$(inherited)",
				);
				GCC_SYMBOLS_PRIVATE_EXTERN = NO;
				GCC_VERSION = com.apple.compilers.llvm.clang.1_0;
				GCC_WARN_64_TO_32_BIT_CONVERSION = YES;
				GCC_WARN_ABOUT_MISSING_PROTOTYPES = YES;
				GCC_WARN_ABOUT_RETURN_TYPE = YES;
				GCC_WARN_UNUSED_VARIABLE = YES;
				MACOSX_DEPLOYMENT_TARGET = 10.7;
				ONLY_ACTIVE_ARCH = YES;
				SDKROOT = macosx;
			};
			name = Debug;
		};
		BF9B7382142533C6002A59CD /* Release */ = {
			isa = XCBuildConfiguration;
			buildSettings = {
				ALWAYS_SEARCH_USER_PATHS = NO;
				ARCHS = "$(ARCHS_STANDARD_64_BIT)";
				COPY_PHASE_STRIP = YES;
				DEBUG_INFORMATION_FORMAT = "dwarf-with-dsym";
				GCC_C_LANGUAGE_STANDARD = gnu99;
				GCC_ENABLE_OBJC_EXCEPTIONS = YES;
				GCC_VERSION = com.apple.compilers.llvm.clang.1_0;
				GCC_WARN_64_TO_32_BIT_CONVERSION = YES;
				GCC_WARN_ABOUT_MISSING_PROTOTYPES = YES;
				GCC_WARN_ABOUT_RETURN_TYPE = YES;
				GCC_WARN_UNUSED_VARIABLE = YES;
				MACOSX_DEPLOYMENT_TARGET = 10.7;
				SDKROOT = macosx;
			};
			name = Release;
		};
		BF9B7384142533C6002A59CD /* Debug */ = {
			isa = XCBuildConfiguration;
			buildSettings = {
				PRODUCT_NAME = "$(TARGET_NAME)";
			};
			name = Debug;
		};
		BF9B7385142533C6002A59CD /* Release */ = {
			isa = XCBuildConfiguration;
			buildSettings = {
				PRODUCT_NAME = "$(TARGET_NAME)";
			};
			name = Release;
		};
/* End XCBuildConfiguration section */

/* Begin XCConfigurationList section */
		BF9B7373142533C6002A59CD /* Build configuration list for PBXProject "Problem 2" */ = {
			isa = XCConfigurationList;
			buildConfigurations = (
				BF9B7381142533C6002A59CD /* Debug */,
				BF9B7382142533C6002A59CD /* Release */,
			);
			defaultConfigurationIsVisible = 0;
			defaultConfigurationName = Release;
		};
		BF9B7383142533C6002A59CD /* Build configuration list for PBXNativeTarget "Problem 2" */ = {
			isa = XCConfigurationList;
			buildConfigurations = (
				BF9B7384142533C6002A59CD /* Debug */,
				BF9B7385142533C6002A59CD /* Release */,
			);
			defaultConfigurationIsVisible = 0;
		};
/* End XCConfigurationList section */
	};
	rootObject = BF9B7370142533C6002A59CD /* Project object */;
}
